
Microsoft Visual Studio Solution File, Format Version 12.00
# Visual Studio Version 16
VisualStudioVersion = 16.0.810.9
MinimumVisualStudioVersion = 10.0.40219.1
Project("{FAE04EC0-301F-11D3-BF4B-00C04F79EFBC}") = "TeachMeSkills.Naumenko.Homework1", "src\TeachMeSkills.Naumenko.Homework1\TeachMeSkills.Naumenko.Homework1.csproj", "{801AE572-FFBD-4DA7-9DEE-573316354678}"
EndProject
Project("{FAE04EC0-301F-11D3-BF4B-00C04F79EFBC}") = "TeachMeSkills.Naumenko.Homework2", "src\TeachMeSkills.Naumenko.Homework2\TeachMeSkills.Naumenko.Homework2.csproj", "{0F7497E0-6F93-449F-B7B4-CFFA25BE1F4C}"
EndProject
Project("{FAE04EC0-301F-11D3-BF4B-00C04F79EFBC}") = "TeachMeSkills.Naumenko.Homework3", "src\TeachMeSkills.Naumenko.Homework3\TeachMeSkills.Naumenko.Homework3.csproj", "{69F186DC-77FE-4365-9B31-E7877A48D233}"
EndProject
Project("{FAE04EC0-301F-11D3-BF4B-00C04F79EFBC}") = "TechMeSkills.Naumenko.Homework3_1", "src\TechMeSkills.Naumenko.Homework3_1\TechMeSkills.Naumenko.Homework3_1.csproj", "{477EAF8C-405A-437F-A891-85F2A26F24B7}"
EndProject
Global
	GlobalSection(SolutionConfigurationPlatforms) = preSolution
		Debug|Any CPU = Debug|Any CPU
		Release|Any CPU = Release|Any CPU
	EndGlobalSection
	GlobalSection(ProjectConfigurationPlatforms) = postSolution
		{801AE572-FFBD-4DA7-9DEE-573316354678}.Debug|Any CPU.ActiveCfg = Debug|Any CPU
		{801AE572-FFBD-4DA7-9DEE-573316354678}.Debug|Any CPU.Build.0 = Debug|Any CPU
		{801AE572-FFBD-4DA7-9DEE-573316354678}.Release|Any CPU.ActiveCfg = Release|Any CPU
		{801AE572-FFBD-4DA7-9DEE-573316354678}.Release|Any CPU.Build.0 = Release|Any CPU
		{0F7497E0-6F93-449F-B7B4-CFFA25BE1F4C}.Debug|Any CPU.ActiveCfg = Debug|Any CPU
		{0F7497E0-6F93-449F-B7B4-CFFA25BE1F4C}.Debug|Any CPU.Build.0 = Debug|Any CPU
		{0F7497E0-6F93-449F-B7B4-CFFA25BE1F4C}.Release|Any CPU.ActiveCfg = Release|Any CPU
		{0F7497E0-6F93-449F-B7B4-CFFA25BE1F4C}.Release|Any CPU.Build.0 = Release|Any CPU
		{477EAF8C-405A-437F-A891-85F2A26F24B7}.Debug|Any CPU.ActiveCfg = Debug|Any CPU
		{477EAF8C-405A-437F-A891-85F2A26F24B7}.Debug|Any CPU.Build.0 = Debug|Any CPU
		{477EAF8C-405A-437F-A891-85F2A26F24B7}.Release|Any CPU.ActiveCfg = Release|Any CPU
		{477EAF8C-405A-437F-A891-85F2A26F24B7}.Release|Any CPU.Build.0 = Release|Any CPU
		{69F186DC-77FE-4365-9B31-E7877A48D233}.Debug|anycpu.ActiveCfg = Debug|anycpu
		{69F186DC-77FE-4365-9B31-E7877A48D233}.Debug|anycpu.Build.0 = Debug|anycpu
		{69F186DC-77FE-4365-9B31-E7877A48D233}.Release|anycpu.ActiveCfg = Release|anycpu
		{69F186DC-77FE-4365-9B31-E7877A48D233}.Release|anycpu.Build.0 = Release|anycpu
	EndGlobalSection
	GlobalSection(SolutionProperties) = preSolution
		HideSolutionNode = FALSE
	EndGlobalSection
	GlobalSection(ExtensibilityGlobals) = postSolution
		SolutionGuid = {C5BA5080-2276-4820-A060-D3E751EB8028}
	EndGlobalSection
EndGlobal
