
Microsoft Visual Studio Solution File, Format Version 12.00
# Visual Studio Version 16
VisualStudioVersion = 16.0.810.9
MinimumVisualStudioVersion = 10.0.40219.1
Project("{FAE04EC0-301F-11D3-BF4B-00C04F79EFBC}") = "gitLessons", "gitLessons\gitLessons.csproj", "{D17C683D-1D3C-41A9-8348-065890614C92}"
EndProject
Global
	GlobalSection(SolutionConfigurationPlatforms) = preSolution
		Debug|anycpu = Debug|anycpu
		Release|anycpu = Release|anycpu
	EndGlobalSection
	GlobalSection(ProjectConfigurationPlatforms) = postSolution
		{D17C683D-1D3C-41A9-8348-065890614C92}.Debug|anycpu.ActiveCfg = Debug|anycpu
		{D17C683D-1D3C-41A9-8348-065890614C92}.Debug|anycpu.Build.0 = Debug|anycpu
		{D17C683D-1D3C-41A9-8348-065890614C92}.Release|anycpu.ActiveCfg = Release|anycpu
		{D17C683D-1D3C-41A9-8348-065890614C92}.Release|anycpu.Build.0 = Release|anycpu
	EndGlobalSection
	GlobalSection(SolutionProperties) = preSolution
		HideSolutionNode = FALSE
	EndGlobalSection
	GlobalSection(ExtensibilityGlobals) = postSolution
		SolutionGuid = {D369E887-BB69-49F0-8AE0-757954F051AC}
	EndGlobalSection
EndGlobal
